{
  "nodes": {
    "home-manager": {
      "inputs": {
        "nixpkgs": [
          "nixpkgs"
        ]
      },
      "locked": {
        "lastModified": 1735053786,
        "narHash": "sha256-Gm+0DcbUS338vvkwyYWms5jsWlx8z8MeQBzcnIDuIkw=",
        "owner": "nix-community",
        "repo": "home-manager",
        "rev": "35b98d20ca8f4ca1f6a2c30b8a2c8bb305a36d84",
        "type": "github"
      },
      "original": {
        "owner": "nix-community",
        "repo": "home-manager",
        "type": "github"
      }
    },
    "nix-darwin": {
      "inputs": {
        "nixpkgs": [
          "nixpkgs"
        ]
      },
      "locked": {
        "lastModified": 1742013980,
        "narHash": "sha256-34YbfwABU5nb0F5eaaJE3ujldaNDhmyxw7CWqhXJV08=",
        "owner": "LnL7",
        "repo": "nix-darwin",
        "rev": "9175b4bb5f127fb7b5784b14f7e01abff24c378f",
        "type": "github"
      },
      "original": {
        "owner": "LnL7",
        "ref": "master",
        "repo": "nix-darwin",
        "type": "github"
      }
    },
    "nixpkgs": {
      "locked": {
        "lastModified": 1734649271,
        "narHash": "sha256-4EVBRhOjMDuGtMaofAIqzJbg4Ql7Ai0PSeuVZTHjyKQ=",
        "owner": "nixos",
        "repo": "nixpkgs",
        "rev": "d70bd19e0a38ad4790d3913bf08fcbfc9eeca507",
        "type": "github"
      },
      "original": {
        "owner": "nixos",
        "ref": "nixos-unstable",
        "repo": "nixpkgs",
        "type": "github"
      }
    },
    "nixpkgs_2": {
      "locked": {
        "lastModified": 1730785428,
        "narHash": "sha256-Zwl8YgTVJTEum+L+0zVAWvXAGbWAuXHax3KzuejaDyo=",
        "owner": "nixos",
        "repo": "nixpkgs",
        "rev": "4aa36568d413aca0ea84a1684d2d46f55dbabad7",
        "type": "github"
      },
      "original": {
        "owner": "nixos",
        "ref": "nixos-unstable",
        "repo": "nixpkgs",
        "type": "github"
      }
    },
    "nurrrr": {
      "inputs": {
        "nixpkgs": [
          "nixpkgs"
        ]
      },
      "locked": {
        "lastModified": 1738625365,
        "narHash": "sha256-qWtisrPyT2BGwVpKH+rbZ6wq8rFvgC01jpNIa7ZgN0Y=",
        "owner": "NamesCode",
        "repo": "nurrrr",
        "rev": "7aefe81ab11ab5de11de07787484a10da59ba487",
        "type": "github"
      },
      "original": {
        "owner": "NamesCode",
        "repo": "nurrrr",
        "type": "github"
      }
    },
    "nvame": {
      "inputs": {
        "nixpkgs": "nixpkgs_2"
      },
      "locked": {
        "lastModified": 1741633929,
        "narHash": "sha256-GRfGSFUFxcUy3IzzynUfXffgvIeXGPzZMmuDUS9Fpl0=",
        "owner": "NamesCode",
        "repo": "nvame",
        "rev": "9dd0d66c45ec5165df607ad8fb240ee29ce9f0fe",
        "type": "github"
      },
      "original": {
        "owner": "NamesCode",
        "repo": "nvame",
        "type": "github"
      }
    },
    "root": {
      "inputs": {
        "home-manager": "home-manager",
        "nix-darwin": "nix-darwin",
        "nixpkgs": "nixpkgs",
        "nurrrr": "nurrrr",
        "nvame": "nvame"
      }
    }
  },
  "root": "root",
  "version": 7
}
